{
  "name": "SampleProj",
  "lockfileVersion": 3,
  "requires": true,
  "packages": {
    "": {
      "dependencies": {
        "web-vitals": "^5.0.3"
      },
      "devDependencies": {
        "typescript": "^5.8.3"
      }
    },
    "node_modules/typescript": {
      "version": "5.8.3",
      "resolved": "https://registry.npmjs.org/typescript/-/typescript-5.8.3.tgz",
      "integrity": "sha512-p1diW6TqL9L07nNxvRMM7hMMw4c5XOo/1ibL4aAIGmSAt9slTE1Xgw5KWuof2uTOvCg9BY7ZRi+GaF+7sfgPeQ==",
      "dev": true,
      "license": "Apache-2.0",
      "bin": {
        "tsc": "bin/tsc",
        "tsserver": "bin/tsserver"
      },
      "engines": {
        "node": ">=14.17"
      }
    },
    "node_modules/web-vitals": {
      "version": "5.0.3",
      "resolved": "https://registry.npmjs.org/web-vitals/-/web-vitals-5.0.3.tgz",
      "integrity": "sha512-4KmOFYxj7qT6RAdCH0SWwq8eKeXNhAFXR4PmgF6nrWFmrJ41n7lq3UCA6UK0GebQ4uu+XP8e8zGjaDO3wZlqTg==",
      "license": "Apache-2.0"
    }
  }
}
