
Microsoft Visual Studio Solution File, Format Version 12.00
# Visual Studio Version 17
VisualStudioVersion = 17.0.31903.59
MinimumVisualStudioVersion = 10.0.40219.1
Project("{2150E333-8FDC-42A3-9474-1A3956D46DE8}") = "src", "src", "{827E0CD3-B72D-47B6-A68D-7590B98EB39B}"
EndProject
Project("{FAE04EC0-301F-11D3-BF4B-00C04F79EFBC}") = "SampleApi", "src\SampleApi\SampleApi.csproj", "{5910B37A-342B-40A7-9046-69962BD2CA33}"
EndProject
Project("{FAE04EC0-301F-11D3-BF4B-00C04F79EFBC}") = "Application", "src\Application\Application.csproj", "{14891AC6-993C-40AB-B36D-70841D3FEA06}"
EndProject
Project("{FAE04EC0-301F-11D3-BF4B-00C04F79EFBC}") = "Domain", "src\Domain\Domain.csproj", "{1E802D61-787D-4BB0-A38A-201E1554B6A1}"
EndProject
Project("{FAE04EC0-301F-11D3-BF4B-00C04F79EFBC}") = "Infrastructure", "src\Infrastructure\Infrastructure.csproj", "{7422AC03-404E-48AB-8C92-E19C76122D2B}"
EndProject
Project("{FAE04EC0-301F-11D3-BF4B-00C04F79EFBC}") = "SampleApi.Tests", "tests\SampleApi.Tests\SampleApi.Tests.csproj", "{35E455B3-A3B1-4A11-B049-D25E0776A646}"
EndProject
Project("{FAE04EC0-301F-11D3-BF4B-00C04F79EFBC}") = "Application.Tests", "tests\Application.Tests\Application.Tests.csproj", "{74E6C7EE-CAF6-4049-9C4D-028162A3A61E}"
	ProjectSection(ProjectDependencies) = postProject
		{14891AC6-993C-40AB-B36D-70841D3FEA06} = {14891AC6-993C-40AB-B36D-70841D3FEA06}
		{1E802D61-787D-4BB0-A38A-201E1554B6A1} = {1E802D61-787D-4BB0-A38A-201E1554B6A1}
	EndProjectSection
EndProject
Project("{2150E333-8FDC-42A3-9474-1A3956D46DE8}") = "tests", "tests", "{02EA681E-C7D8-13C7-8484-4AC65E1B71E8}"
EndProject
Global
	GlobalSection(SolutionConfigurationPlatforms) = preSolution
		Debug|Any CPU = Debug|Any CPU
		Debug|x64 = Debug|x64
		Debug|x86 = Debug|x86
		Release|Any CPU = Release|Any CPU
		Release|x64 = Release|x64
		Release|x86 = Release|x86
	EndGlobalSection
	GlobalSection(ProjectConfigurationPlatforms) = postSolution
		{5910B37A-342B-40A7-9046-69962BD2CA33}.Debug|Any CPU.ActiveCfg = Debug|Any CPU
		{5910B37A-342B-40A7-9046-69962BD2CA33}.Debug|Any CPU.Build.0 = Debug|Any CPU
		{5910B37A-342B-40A7-9046-69962BD2CA33}.Debug|x64.ActiveCfg = Debug|Any CPU
		{5910B37A-342B-40A7-9046-69962BD2CA33}.Debug|x64.Build.0 = Debug|Any CPU
		{5910B37A-342B-40A7-9046-69962BD2CA33}.Debug|x86.ActiveCfg = Debug|Any CPU
		{5910B37A-342B-40A7-9046-69962BD2CA33}.Debug|x86.Build.0 = Debug|Any CPU
		{5910B37A-342B-40A7-9046-69962BD2CA33}.Release|Any CPU.ActiveCfg = Release|Any CPU
		{5910B37A-342B-40A7-9046-69962BD2CA33}.Release|Any CPU.Build.0 = Release|Any CPU
		{5910B37A-342B-40A7-9046-69962BD2CA33}.Release|x64.ActiveCfg = Release|Any CPU
		{5910B37A-342B-40A7-9046-69962BD2CA33}.Release|x64.Build.0 = Release|Any CPU
		{5910B37A-342B-40A7-9046-69962BD2CA33}.Release|x86.ActiveCfg = Release|Any CPU
		{5910B37A-342B-40A7-9046-69962BD2CA33}.Release|x86.Build.0 = Release|Any CPU
		{14891AC6-993C-40AB-B36D-70841D3FEA06}.Debug|Any CPU.ActiveCfg = Debug|Any CPU
		{14891AC6-993C-40AB-B36D-70841D3FEA06}.Debug|Any CPU.Build.0 = Debug|Any CPU
		{14891AC6-993C-40AB-B36D-70841D3FEA06}.Debug|x64.ActiveCfg = Debug|Any CPU
		{14891AC6-993C-40AB-B36D-70841D3FEA06}.Debug|x64.Build.0 = Debug|Any CPU
		{14891AC6-993C-40AB-B36D-70841D3FEA06}.Debug|x86.ActiveCfg = Debug|Any CPU
		{14891AC6-993C-40AB-B36D-70841D3FEA06}.Debug|x86.Build.0 = Debug|Any CPU
		{14891AC6-993C-40AB-B36D-70841D3FEA06}.Release|Any CPU.ActiveCfg = Release|Any CPU
		{14891AC6-993C-40AB-B36D-70841D3FEA06}.Release|Any CPU.Build.0 = Release|Any CPU
		{14891AC6-993C-40AB-B36D-70841D3FEA06}.Release|x64.ActiveCfg = Release|Any CPU
		{14891AC6-993C-40AB-B36D-70841D3FEA06}.Release|x64.Build.0 = Release|Any CPU
		{14891AC6-993C-40AB-B36D-70841D3FEA06}.Release|x86.ActiveCfg = Release|Any CPU
		{14891AC6-993C-40AB-B36D-70841D3FEA06}.Release|x86.Build.0 = Release|Any CPU
		{1E802D61-787D-4BB0-A38A-201E1554B6A1}.Debug|Any CPU.ActiveCfg = Debug|Any CPU
		{1E802D61-787D-4BB0-A38A-201E1554B6A1}.Debug|Any CPU.Build.0 = Debug|Any CPU
		{1E802D61-787D-4BB0-A38A-201E1554B6A1}.Debug|x64.ActiveCfg = Debug|Any CPU
		{1E802D61-787D-4BB0-A38A-201E1554B6A1}.Debug|x64.Build.0 = Debug|Any CPU
		{1E802D61-787D-4BB0-A38A-201E1554B6A1}.Debug|x86.ActiveCfg = Debug|Any CPU
		{1E802D61-787D-4BB0-A38A-201E1554B6A1}.Debug|x86.Build.0 = Debug|Any CPU
		{1E802D61-787D-4BB0-A38A-201E1554B6A1}.Release|Any CPU.ActiveCfg = Release|Any CPU
		{1E802D61-787D-4BB0-A38A-201E1554B6A1}.Release|Any CPU.Build.0 = Release|Any CPU
		{1E802D61-787D-4BB0-A38A-201E1554B6A1}.Release|x64.ActiveCfg = Release|Any CPU
		{1E802D61-787D-4BB0-A38A-201E1554B6A1}.Release|x64.Build.0 = Release|Any CPU
		{1E802D61-787D-4BB0-A38A-201E1554B6A1}.Release|x86.ActiveCfg = Release|Any CPU
		{1E802D61-787D-4BB0-A38A-201E1554B6A1}.Release|x86.Build.0 = Release|Any CPU
		{7422AC03-404E-48AB-8C92-E19C76122D2B}.Debug|Any CPU.ActiveCfg = Debug|Any CPU
		{7422AC03-404E-48AB-8C92-E19C76122D2B}.Debug|Any CPU.Build.0 = Debug|Any CPU
		{7422AC03-404E-48AB-8C92-E19C76122D2B}.Debug|x64.ActiveCfg = Debug|Any CPU
		{7422AC03-404E-48AB-8C92-E19C76122D2B}.Debug|x64.Build.0 = Debug|Any CPU
		{7422AC03-404E-48AB-8C92-E19C76122D2B}.Debug|x86.ActiveCfg = Debug|Any CPU
		{7422AC03-404E-48AB-8C92-E19C76122D2B}.Debug|x86.Build.0 = Debug|Any CPU
		{7422AC03-404E-48AB-8C92-E19C76122D2B}.Release|Any CPU.ActiveCfg = Release|Any CPU
		{7422AC03-404E-48AB-8C92-E19C76122D2B}.Release|Any CPU.Build.0 = Release|Any CPU
		{7422AC03-404E-48AB-8C92-E19C76122D2B}.Release|x64.ActiveCfg = Release|Any CPU
		{7422AC03-404E-48AB-8C92-E19C76122D2B}.Release|x64.Build.0 = Release|Any CPU
		{7422AC03-404E-48AB-8C92-E19C76122D2B}.Release|x86.ActiveCfg = Release|Any CPU
		{7422AC03-404E-48AB-8C92-E19C76122D2B}.Release|x86.Build.0 = Release|Any CPU
		{35E455B3-A3B1-4A11-B049-D25E0776A646}.Debug|Any CPU.ActiveCfg = Debug|Any CPU
		{35E455B3-A3B1-4A11-B049-D25E0776A646}.Debug|Any CPU.Build.0 = Debug|Any CPU
		{35E455B3-A3B1-4A11-B049-D25E0776A646}.Debug|x64.ActiveCfg = Debug|Any CPU
		{35E455B3-A3B1-4A11-B049-D25E0776A646}.Debug|x64.Build.0 = Debug|Any CPU
		{35E455B3-A3B1-4A11-B049-D25E0776A646}.Debug|x86.ActiveCfg = Debug|Any CPU
		{35E455B3-A3B1-4A11-B049-D25E0776A646}.Debug|x86.Build.0 = Debug|Any CPU
		{35E455B3-A3B1-4A11-B049-D25E0776A646}.Release|Any CPU.ActiveCfg = Release|Any CPU
		{35E455B3-A3B1-4A11-B049-D25E0776A646}.Release|Any CPU.Build.0 = Release|Any CPU
		{35E455B3-A3B1-4A11-B049-D25E0776A646}.Release|x64.ActiveCfg = Release|Any CPU
		{35E455B3-A3B1-4A11-B049-D25E0776A646}.Release|x64.Build.0 = Release|Any CPU
		{35E455B3-A3B1-4A11-B049-D25E0776A646}.Release|x86.ActiveCfg = Release|Any CPU
		{35E455B3-A3B1-4A11-B049-D25E0776A646}.Release|x86.Build.0 = Release|Any CPU
		{74E6C7EE-CAF6-4049-9C4D-028162A3A61E}.Debug|Any CPU.ActiveCfg = Debug|Any CPU
		{74E6C7EE-CAF6-4049-9C4D-028162A3A61E}.Debug|Any CPU.Build.0 = Debug|Any CPU
		{74E6C7EE-CAF6-4049-9C4D-028162A3A61E}.Debug|x64.ActiveCfg = Debug|Any CPU
		{74E6C7EE-CAF6-4049-9C4D-028162A3A61E}.Debug|x64.Build.0 = Debug|Any CPU
		{74E6C7EE-CAF6-4049-9C4D-028162A3A61E}.Debug|x86.ActiveCfg = Debug|Any CPU
		{74E6C7EE-CAF6-4049-9C4D-028162A3A61E}.Debug|x86.Build.0 = Debug|Any CPU
		{74E6C7EE-CAF6-4049-9C4D-028162A3A61E}.Release|Any CPU.ActiveCfg = Release|Any CPU
		{74E6C7EE-CAF6-4049-9C4D-028162A3A61E}.Release|Any CPU.Build.0 = Release|Any CPU
		{74E6C7EE-CAF6-4049-9C4D-028162A3A61E}.Release|x64.ActiveCfg = Release|Any CPU
		{74E6C7EE-CAF6-4049-9C4D-028162A3A61E}.Release|x64.Build.0 = Release|Any CPU
		{74E6C7EE-CAF6-4049-9C4D-028162A3A61E}.Release|x86.ActiveCfg = Release|Any CPU
		{74E6C7EE-CAF6-4049-9C4D-028162A3A61E}.Release|x86.Build.0 = Release|Any CPU
	EndGlobalSection
	GlobalSection(SolutionProperties) = preSolution
		HideSolutionNode = FALSE
	EndGlobalSection
	GlobalSection(NestedProjects) = preSolution
		{5910B37A-342B-40A7-9046-69962BD2CA33} = {827E0CD3-B72D-47B6-A68D-7590B98EB39B}
		{14891AC6-993C-40AB-B36D-70841D3FEA06} = {827E0CD3-B72D-47B6-A68D-7590B98EB39B}
		{1E802D61-787D-4BB0-A38A-201E1554B6A1} = {827E0CD3-B72D-47B6-A68D-7590B98EB39B}
		{7422AC03-404E-48AB-8C92-E19C76122D2B} = {827E0CD3-B72D-47B6-A68D-7590B98EB39B}
		{35E455B3-A3B1-4A11-B049-D25E0776A646} = {02EA681E-C7D8-13C7-8484-4AC65E1B71E8}
		{74E6C7EE-CAF6-4049-9C4D-028162A3A61E} = {02EA681E-C7D8-13C7-8484-4AC65E1B71E8}
	EndGlobalSection
	GlobalSection(ExtensibilityGlobals) = postSolution
		SolutionGuid = {8F97F5F3-3FE4-4699-B727-CD7426D74808}
	EndGlobalSection
EndGlobal
